
Microsoft Visual Studio Solution File, Format Version 12.00
# Visual Studio Version 17
VisualStudioVersion = 17.4.32916.344
MinimumVisualStudioVersion = 10.0.40219.1
Project("{FAE04EC0-301F-11D3-BF4B-00C04F79EFBC}") = "API_for_MobileAPP", "API_for_MobileAPP\API_for_MobileAPP.csproj", "{80B695B2-83C9-4131-BF66-95B48AF3E029}"
EndProject
Project("{FAE04EC0-301F-11D3-BF4B-00C04F79EFBC}") = "BL", "BL\BL.csproj", "{A3229335-9604-4FDF-91F7-A1EB1E1F0295}"
EndProject
Project("{FAE04EC0-301F-11D3-BF4B-00C04F79EFBC}") = "DAL", "DAL\DAL.csproj", "{9376AFCB-7192-497C-8108-0D8AEBDFFB19}"
EndProject
Global
	GlobalSection(SolutionConfigurationPlatforms) = preSolution
		Debug|Any CPU = Debug|Any CPU
		Release|Any CPU = Release|Any CPU
	EndGlobalSection
	GlobalSection(ProjectConfigurationPlatforms) = postSolution
		{80B695B2-83C9-4131-BF66-95B48AF3E029}.Debug|Any CPU.ActiveCfg = Debug|Any CPU
		{80B695B2-83C9-4131-BF66-95B48AF3E029}.Debug|Any CPU.Build.0 = Debug|Any CPU
		{80B695B2-83C9-4131-BF66-95B48AF3E029}.Release|Any CPU.ActiveCfg = Release|Any CPU
		{80B695B2-83C9-4131-BF66-95B48AF3E029}.Release|Any CPU.Build.0 = Release|Any CPU
		{A3229335-9604-4FDF-91F7-A1EB1E1F0295}.Debug|Any CPU.ActiveCfg = Debug|Any CPU
		{A3229335-9604-4FDF-91F7-A1EB1E1F0295}.Debug|Any CPU.Build.0 = Debug|Any CPU
		{A3229335-9604-4FDF-91F7-A1EB1E1F0295}.Release|Any CPU.ActiveCfg = Release|Any CPU
		{A3229335-9604-4FDF-91F7-A1EB1E1F0295}.Release|Any CPU.Build.0 = Release|Any CPU
		{9376AFCB-7192-497C-8108-0D8AEBDFFB19}.Debug|Any CPU.ActiveCfg = Debug|Any CPU
		{9376AFCB-7192-497C-8108-0D8AEBDFFB19}.Debug|Any CPU.Build.0 = Debug|Any CPU
		{9376AFCB-7192-497C-8108-0D8AEBDFFB19}.Release|Any CPU.ActiveCfg = Release|Any CPU
		{9376AFCB-7192-497C-8108-0D8AEBDFFB19}.Release|Any CPU.Build.0 = Release|Any CPU
	EndGlobalSection
	GlobalSection(SolutionProperties) = preSolution
		HideSolutionNode = FALSE
	EndGlobalSection
	GlobalSection(ExtensibilityGlobals) = postSolution
		SolutionGuid = {AD65C4C6-704F-44A6-A4ED-28A498969ECA}
	EndGlobalSection
EndGlobal
